# This file is automatically @generated by Cargo.
# It is not intended for manual editing.
version = 4

[[package]]
name = "ferrosintesis"
version = "0.21.49"
dependencies = [
 "ferrosintesis-samples-bass",
 "ferrosintesis-samples-bottle",
 "ferrosintesis-samples-ccby",
 "ferrosintesis-samples-clavinet",
 "ferrosintesis-samples-core",
 "ferrosintesis-samples-dark-salamander",
 "ferrosintesis-samples-drumkit",
 "ferrosintesis-samples-gong",
 "ferrosintesis-samples-grand",
 "ferrosintesis-samples-headroom",
 "ferrosintesis-samples-honkytonk",
 "ferrosintesis-samples-musescore",
 "ferrosintesis-samples-musescore-grand",
 "ferrosintesis-samples-orchestral",
 "ferrosintesis-samples-orchestral2",
 "ferrosintesis-samples-rain",
 "ferrosintesis-samples-sax",
 "ferrosintesis-samples-strings",
 "ferrosintesis-samples-vcsl-kawai",
 "ferrosintesis-samples-vcsl-steinway",
 "ferrosintesis-samples-ydp-grand",
]

[[package]]
name = "ferrosintesis-cli"
version = "0.14.2"
dependencies = [
 "ferrosintesis",
]

[[package]]
name = "ferrosintesis-samples-bass"
version = "0.1.0"

[[package]]
name = "ferrosintesis-samples-bottle"
version = "0.1.0"

[[package]]
name = "ferrosintesis-samples-ccby"
version = "0.1.0"

[[package]]
name = "ferrosintesis-samples-clavinet"
version = "0.1.0"

[[package]]
name = "ferrosintesis-samples-core"
version = "0.1.0"

[[package]]
name = "ferrosintesis-samples-dark-salamander"
version = "0.1.0"

[[package]]
name = "ferrosintesis-samples-drumkit"
version = "0.1.0"

[[package]]
name = "ferrosintesis-samples-gong"
version = "0.1.0"

[[package]]
name = "ferrosintesis-samples-grand"
version = "0.1.0"

[[package]]
name = "ferrosintesis-samples-headroom"
version = "0.1.0"

[[package]]
name = "ferrosintesis-samples-honkytonk"
version = "0.1.0"

[[package]]
name = "ferrosintesis-samples-musescore"
version = "0.1.0"

[[package]]
name = "ferrosintesis-samples-musescore-grand"
version = "0.1.0"

[[package]]
name = "ferrosintesis-samples-orchestral"
version = "0.1.0"

[[package]]
name = "ferrosintesis-samples-orchestral2"
version = "0.1.0"

[[package]]
name = "ferrosintesis-samples-rain"
version = "0.1.0"

[[package]]
name = "ferrosintesis-samples-sax"
version = "0.1.0"

[[package]]
name = "ferrosintesis-samples-strings"
version = "0.1.0"

[[package]]
name = "ferrosintesis-samples-vcsl-kawai"
version = "0.1.0"

[[package]]
name = "ferrosintesis-samples-vcsl-steinway"
version = "0.1.0"

[[package]]
name = "ferrosintesis-samples-ydp-grand"
version = "0.1.0"

[[package]]
name = "render-catalog"
version = "0.1.0"
dependencies = [
 "ferrosintesis",
]
