# This file is automatically @generated by Cargo.
# It is not intended for manual editing.
version = 4

[[package]]
name = "ferrosintesis"
version = "0.21.25"
dependencies = [
 "ferrosintesis-samples-clavinet",
 "ferrosintesis-samples-core",
 "ferrosintesis-samples-drumkit",
 "ferrosintesis-samples-gong",
 "ferrosintesis-samples-grand",
 "ferrosintesis-samples-musescore",
 "ferrosintesis-samples-orchestral",
 "ferrosintesis-samples-orchestral2",
 "ferrosintesis-samples-sax",
]

[[package]]
name = "ferrosintesis-cli"
version = "0.14.2"
dependencies = [
 "ferrosintesis",
]

[[package]]
name = "ferrosintesis-samples-clavinet"
version = "0.1.0"

[[package]]
name = "ferrosintesis-samples-core"
version = "0.1.0"

[[package]]
name = "ferrosintesis-samples-drumkit"
version = "0.1.0"

[[package]]
name = "ferrosintesis-samples-gong"
version = "0.1.0"

[[package]]
name = "ferrosintesis-samples-grand"
version = "0.1.0"

[[package]]
name = "ferrosintesis-samples-musescore"
version = "0.1.0"

[[package]]
name = "ferrosintesis-samples-orchestral"
version = "0.1.0"

[[package]]
name = "ferrosintesis-samples-orchestral2"
version = "0.1.0"

[[package]]
name = "ferrosintesis-samples-sax"
version = "0.1.0"

[[package]]
name = "render-catalog"
version = "0.1.0"
dependencies = [
 "ferrosintesis",
]
