# This file is automatically @generated by Cargo.
# It is not intended for manual editing.
version = 4

[[package]]
name = "ferrosintesis"
version = "0.21.9"
dependencies = [
 "ferrosintesis-samples-core",
 "ferrosintesis-samples-drumkit",
 "ferrosintesis-samples-orchestral",
]

[[package]]
name = "ferrosintesis-cli"
version = "0.14.2"
dependencies = [
 "ferrosintesis",
]

[[package]]
name = "ferrosintesis-samples-core"
version = "0.1.0"

[[package]]
name = "ferrosintesis-samples-drumkit"
version = "0.1.0"

[[package]]
name = "ferrosintesis-samples-orchestral"
version = "0.1.0"

[[package]]
name = "render-catalog"
version = "0.1.0"
dependencies = [
 "ferrosintesis",
]
